
Microsoft Visual Studio Solution File, Format Version 12.00
# Visual Studio Version 17
VisualStudioVersion = 17.3.32825.248
MinimumVisualStudioVersion = 10.0.40219.1
Project("{FAE04EC0-301F-11D3-BF4B-00C04F79EFBC}") = "Utepitok_megoldas", "Utepitok_megoldas.csproj", "{972E646C-B01D-4D9D-84D5-84AF41B0FCA7}"
EndProject
Global
	GlobalSection(SolutionConfigurationPlatforms) = preSolution
		Debug|Any CPU = Debug|Any CPU
		Release|Any CPU = Release|Any CPU
	EndGlobalSection
	GlobalSection(ProjectConfigurationPlatforms) = postSolution
		{972E646C-B01D-4D9D-84D5-84AF41B0FCA7}.Debug|Any CPU.ActiveCfg = Debug|Any CPU
		{972E646C-B01D-4D9D-84D5-84AF41B0FCA7}.Debug|Any CPU.Build.0 = Debug|Any CPU
		{972E646C-B01D-4D9D-84D5-84AF41B0FCA7}.Release|Any CPU.ActiveCfg = Release|Any CPU
		{972E646C-B01D-4D9D-84D5-84AF41B0FCA7}.Release|Any CPU.Build.0 = Release|Any CPU
	EndGlobalSection
	GlobalSection(SolutionProperties) = preSolution
		HideSolutionNode = FALSE
	EndGlobalSection
	GlobalSection(ExtensibilityGlobals) = postSolution
		SolutionGuid = {CFB254CF-E18B-4297-9EED-9135F2C9B30C}
	EndGlobalSection
EndGlobal
